
Microsoft Visual Studio Solution File, Format Version 12.00
# Visual Studio Version 16
VisualStudioVersion = 16.0.29403.142
MinimumVisualStudioVersion = 10.0.40219.1
Project("{FAE04EC0-301F-11D3-BF4B-00C04F79EFBC}") = "Evesting", "Evesting.csproj", "{4CF5662E-F49A-495D-842F-0D391294AF2D}"
EndProject
Global
	GlobalSection(SolutionConfigurationPlatforms) = preSolution
		Debug|Any CPU = Debug|Any CPU
		Release|Any CPU = Release|Any CPU
	EndGlobalSection
	GlobalSection(ProjectConfigurationPlatforms) = postSolution
		{4CF5662E-F49A-495D-842F-0D391294AF2D}.Debug|Any CPU.ActiveCfg = Debug|Any CPU
		{4CF5662E-F49A-495D-842F-0D391294AF2D}.Debug|Any CPU.Build.0 = Debug|Any CPU
		{4CF5662E-F49A-495D-842F-0D391294AF2D}.Release|Any CPU.ActiveCfg = Release|Any CPU
		{4CF5662E-F49A-495D-842F-0D391294AF2D}.Release|Any CPU.Build.0 = Release|Any CPU
	EndGlobalSection
	GlobalSection(SolutionProperties) = preSolution
		HideSolutionNode = FALSE
	EndGlobalSection
	GlobalSection(ExtensibilityGlobals) = postSolution
		SolutionGuid = {BC6EC7E4-05A4-4585-83C6-3D24B9060DE2}
	EndGlobalSection
EndGlobal
